
Microsoft Visual Studio Solution File, Format Version 12.00
Project("{FAE04EC0-301F-11D3-BF4B-00C04F79EFBC}") = "Data", "Data\Data.csproj", "{4B4EF14C-1A68-4B49-A14E-2B0D9FAE4DE9}"
EndProject
Project("{FAE04EC0-301F-11D3-BF4B-00C04F79EFBC}") = "Logic", "Logic\Logic.csproj", "{8CFFF35C-F353-470F-9D49-823265A6569C}"
EndProject
Project("{FAE04EC0-301F-11D3-BF4B-00C04F79EFBC}") = "Web.Razor", "Web.Razor\Web.Razor.csproj", "{D0D787A2-B6BC-47F6-8F8F-C005FCE585FC}"
EndProject
Project("{FAE04EC0-301F-11D3-BF4B-00C04F79EFBC}") = "Web.React", "Web.React\Web.React.csproj", "{EC299195-4B28-41D9-B272-ADE3976D93A1}"
EndProject
Project("{FAE04EC0-301F-11D3-BF4B-00C04F79EFBC}") = "Tests", "Tests\Tests.csproj", "{AA01CF36-E514-4B00-8CC6-44A7ED393DB4}"
EndProject
Global
	GlobalSection(SolutionConfigurationPlatforms) = preSolution
		Debug|Any CPU = Debug|Any CPU
		Release|Any CPU = Release|Any CPU
	EndGlobalSection
	GlobalSection(ProjectConfigurationPlatforms) = postSolution
		{4B4EF14C-1A68-4B49-A14E-2B0D9FAE4DE9}.Debug|Any CPU.ActiveCfg = Debug|Any CPU
		{4B4EF14C-1A68-4B49-A14E-2B0D9FAE4DE9}.Debug|Any CPU.Build.0 = Debug|Any CPU
		{4B4EF14C-1A68-4B49-A14E-2B0D9FAE4DE9}.Release|Any CPU.ActiveCfg = Release|Any CPU
		{4B4EF14C-1A68-4B49-A14E-2B0D9FAE4DE9}.Release|Any CPU.Build.0 = Release|Any CPU
		{8CFFF35C-F353-470F-9D49-823265A6569C}.Debug|Any CPU.ActiveCfg = Debug|Any CPU
		{8CFFF35C-F353-470F-9D49-823265A6569C}.Debug|Any CPU.Build.0 = Debug|Any CPU
		{8CFFF35C-F353-470F-9D49-823265A6569C}.Release|Any CPU.ActiveCfg = Release|Any CPU
		{8CFFF35C-F353-470F-9D49-823265A6569C}.Release|Any CPU.Build.0 = Release|Any CPU
		{D0D787A2-B6BC-47F6-8F8F-C005FCE585FC}.Debug|Any CPU.ActiveCfg = Debug|Any CPU
		{D0D787A2-B6BC-47F6-8F8F-C005FCE585FC}.Debug|Any CPU.Build.0 = Debug|Any CPU
		{D0D787A2-B6BC-47F6-8F8F-C005FCE585FC}.Release|Any CPU.ActiveCfg = Release|Any CPU
		{D0D787A2-B6BC-47F6-8F8F-C005FCE585FC}.Release|Any CPU.Build.0 = Release|Any CPU
		{EC299195-4B28-41D9-B272-ADE3976D93A1}.Debug|Any CPU.ActiveCfg = Debug|Any CPU
		{EC299195-4B28-41D9-B272-ADE3976D93A1}.Debug|Any CPU.Build.0 = Debug|Any CPU
		{EC299195-4B28-41D9-B272-ADE3976D93A1}.Release|Any CPU.ActiveCfg = Release|Any CPU
		{EC299195-4B28-41D9-B272-ADE3976D93A1}.Release|Any CPU.Build.0 = Release|Any CPU
		{AA01CF36-E514-4B00-8CC6-44A7ED393DB4}.Debug|Any CPU.ActiveCfg = Debug|Any CPU
		{AA01CF36-E514-4B00-8CC6-44A7ED393DB4}.Debug|Any CPU.Build.0 = Debug|Any CPU
		{AA01CF36-E514-4B00-8CC6-44A7ED393DB4}.Release|Any CPU.ActiveCfg = Release|Any CPU
		{AA01CF36-E514-4B00-8CC6-44A7ED393DB4}.Release|Any CPU.Build.0 = Release|Any CPU
	EndGlobalSection
EndGlobal
